
Microsoft Visual Studio Solution File, Format Version 12.00
# Visual Studio Version 16
VisualStudioVersion = 16.0.31410.357
MinimumVisualStudioVersion = 10.0.40219.1
Project("{FAE04EC0-301F-11D3-BF4B-00C04F79EFBC}") = "greendoor", "greendoor\greendoor.csproj", "{06DC3BBB-7A8D-4C1D-8E5A-0F0D3EC3C24F}"
EndProject
Global
	GlobalSection(SolutionConfigurationPlatforms) = preSolution
		Debug|Any CPU = Debug|Any CPU
		Release|Any CPU = Release|Any CPU
	EndGlobalSection
	GlobalSection(ProjectConfigurationPlatforms) = postSolution
		{06DC3BBB-7A8D-4C1D-8E5A-0F0D3EC3C24F}.Debug|Any CPU.ActiveCfg = Debug|Any CPU
		{06DC3BBB-7A8D-4C1D-8E5A-0F0D3EC3C24F}.Debug|Any CPU.Build.0 = Debug|Any CPU
		{06DC3BBB-7A8D-4C1D-8E5A-0F0D3EC3C24F}.Release|Any CPU.ActiveCfg = Release|Any CPU
		{06DC3BBB-7A8D-4C1D-8E5A-0F0D3EC3C24F}.Release|Any CPU.Build.0 = Release|Any CPU
	EndGlobalSection
	GlobalSection(SolutionProperties) = preSolution
		HideSolutionNode = FALSE
	EndGlobalSection
	GlobalSection(ExtensibilityGlobals) = postSolution
		SolutionGuid = {7CCD30AC-65F3-4298-B4B2-9E32EA889A14}
	EndGlobalSection
EndGlobal
